
Microsoft Visual Studio Solution File, Format Version 12.00
# Visual Studio 15
VisualStudioVersion = 15.0.28307.1259
MinimumVisualStudioVersion = 10.0.40219.1
Project("{FAE04EC0-301F-11D3-BF4B-00C04F79EFBC}") = "FormCalendar", "FormCalendar\FormCalendar.csproj", "{2164A2E5-F2FD-4C1F-8D13-4D2D4437A4FC}"
EndProject
Global
	GlobalSection(SolutionConfigurationPlatforms) = preSolution
		Debug|Any CPU = Debug|Any CPU
		Release|Any CPU = Release|Any CPU
	EndGlobalSection
	GlobalSection(ProjectConfigurationPlatforms) = postSolution
		{2164A2E5-F2FD-4C1F-8D13-4D2D4437A4FC}.Debug|Any CPU.ActiveCfg = Debug|Any CPU
		{2164A2E5-F2FD-4C1F-8D13-4D2D4437A4FC}.Debug|Any CPU.Build.0 = Debug|Any CPU
		{2164A2E5-F2FD-4C1F-8D13-4D2D4437A4FC}.Release|Any CPU.ActiveCfg = Release|Any CPU
		{2164A2E5-F2FD-4C1F-8D13-4D2D4437A4FC}.Release|Any CPU.Build.0 = Release|Any CPU
	EndGlobalSection
	GlobalSection(SolutionProperties) = preSolution
		HideSolutionNode = FALSE
	EndGlobalSection
	GlobalSection(ExtensibilityGlobals) = postSolution
		SolutionGuid = {5296990E-B992-46A9-9035-972F5AB21A6E}
	EndGlobalSection
EndGlobal
